
Microsoft Visual Studio Solution File, Format Version 11.00
# Visual Studio 2010
Project("{FAE04EC0-301F-11D3-BF4B-00C04F79EFBC}") = "Charge Account Validation", "Charge Account Validation\Charge Account Validation.csproj", "{DB1AA0B6-EFDE-4C38-9038-E377E394DAB8}"
EndProject
Global
	GlobalSection(SolutionConfigurationPlatforms) = preSolution
		Debug|x86 = Debug|x86
		Release|x86 = Release|x86
	EndGlobalSection
	GlobalSection(ProjectConfigurationPlatforms) = postSolution
		{DB1AA0B6-EFDE-4C38-9038-E377E394DAB8}.Debug|x86.ActiveCfg = Debug|x86
		{DB1AA0B6-EFDE-4C38-9038-E377E394DAB8}.Debug|x86.Build.0 = Debug|x86
		{DB1AA0B6-EFDE-4C38-9038-E377E394DAB8}.Release|x86.ActiveCfg = Release|x86
		{DB1AA0B6-EFDE-4C38-9038-E377E394DAB8}.Release|x86.Build.0 = Release|x86
	EndGlobalSection
	GlobalSection(SolutionProperties) = preSolution
		HideSolutionNode = FALSE
	EndGlobalSection
EndGlobal
